
Microsoft Visual Studio Solution File, Format Version 12.00
# Visual Studio Version 16
VisualStudioVersion = 16.0.30907.101
MinimumVisualStudioVersion = 10.0.40219.1
Project("{9A19103F-16F7-4668-BE54-9A1E7A4F7556}") = "JobOffersPortal.WebUI", "JobOffersPortal.WebUI\JobOffersPortal.WebUI.csproj", "{716DDDAC-CBF8-4102-B788-E1BEEE295CDB}"
EndProject
Project("{2150E333-8FDC-42A3-9474-1A3956D46DE8}") = "src", "src", "{57D041CA-7D2E-4987-8433-6097267FDD7E}"
EndProject
Project("{2150E333-8FDC-42A3-9474-1A3956D46DE8}") = "tests", "tests", "{DF2EAFCE-0378-42AC-874C-A66BB61E8765}"
EndProject
Project("{9A19103F-16F7-4668-BE54-9A1E7A4F7556}") = "JobOffersPortal.IntegrationTests", "JobOffersPortal.IntegrationTests\JobOffersPortal.IntegrationTests.csproj", "{4393448D-26E2-4165-B670-00A6A6A662A1}"
EndProject
Project("{9A19103F-16F7-4668-BE54-9A1E7A4F7556}") = "JobOffersPortal.Contracts", "JobOffersPortal.Contracts\JobOffersPortal.Contracts.csproj", "{42D3B9CC-2101-459F-8D86-7EEB3A94C802}"
EndProject
Global
	GlobalSection(SolutionConfigurationPlatforms) = preSolution
		Debug|Any CPU = Debug|Any CPU
		Release|Any CPU = Release|Any CPU
	EndGlobalSection
	GlobalSection(ProjectConfigurationPlatforms) = postSolution
		{716DDDAC-CBF8-4102-B788-E1BEEE295CDB}.Debug|Any CPU.ActiveCfg = Debug|Any CPU
		{716DDDAC-CBF8-4102-B788-E1BEEE295CDB}.Debug|Any CPU.Build.0 = Debug|Any CPU
		{716DDDAC-CBF8-4102-B788-E1BEEE295CDB}.Release|Any CPU.ActiveCfg = Release|Any CPU
		{716DDDAC-CBF8-4102-B788-E1BEEE295CDB}.Release|Any CPU.Build.0 = Release|Any CPU
		{4393448D-26E2-4165-B670-00A6A6A662A1}.Debug|Any CPU.ActiveCfg = Debug|Any CPU
		{4393448D-26E2-4165-B670-00A6A6A662A1}.Debug|Any CPU.Build.0 = Debug|Any CPU
		{4393448D-26E2-4165-B670-00A6A6A662A1}.Release|Any CPU.ActiveCfg = Release|Any CPU
		{4393448D-26E2-4165-B670-00A6A6A662A1}.Release|Any CPU.Build.0 = Release|Any CPU
		{42D3B9CC-2101-459F-8D86-7EEB3A94C802}.Debug|Any CPU.ActiveCfg = Debug|Any CPU
		{42D3B9CC-2101-459F-8D86-7EEB3A94C802}.Debug|Any CPU.Build.0 = Debug|Any CPU
		{42D3B9CC-2101-459F-8D86-7EEB3A94C802}.Release|Any CPU.ActiveCfg = Release|Any CPU
		{42D3B9CC-2101-459F-8D86-7EEB3A94C802}.Release|Any CPU.Build.0 = Release|Any CPU
	EndGlobalSection
	GlobalSection(SolutionProperties) = preSolution
		HideSolutionNode = FALSE
	EndGlobalSection
	GlobalSection(NestedProjects) = preSolution
		{716DDDAC-CBF8-4102-B788-E1BEEE295CDB} = {57D041CA-7D2E-4987-8433-6097267FDD7E}
		{4393448D-26E2-4165-B670-00A6A6A662A1} = {DF2EAFCE-0378-42AC-874C-A66BB61E8765}
		{42D3B9CC-2101-459F-8D86-7EEB3A94C802} = {57D041CA-7D2E-4987-8433-6097267FDD7E}
	EndGlobalSection
	GlobalSection(ExtensibilityGlobals) = postSolution
		SolutionGuid = {70826AAB-0714-4654-9E78-323657ACBB13}
	EndGlobalSection
EndGlobal
